
Microsoft Visual Studio Solution File, Format Version 12.00
# Visual Studio Version 16
VisualStudioVersion = 16.0.30907.101
MinimumVisualStudioVersion = 10.0.40219.1
Project("{FAE04EC0-301F-11D3-BF4B-00C04F79EFBC}") = "TP_RaphaelAlbern", "TP_RaphaelAlbern.csproj", "{CDDDBEA8-F7FF-457F-950E-71BD57D0F2B9}"
EndProject
Project("{FAE04EC0-301F-11D3-BF4B-00C04F79EFBC}") = "BibliothequeClassesTelethon", "..\BibliothequeClassesTelethon\BibliothequeClassesTelethon.csproj", "{141DDF53-B04B-4E07-A444-39997511B43D}"
EndProject
Global
	GlobalSection(SolutionConfigurationPlatforms) = preSolution
		Debug|Any CPU = Debug|Any CPU
		Release|Any CPU = Release|Any CPU
	EndGlobalSection
	GlobalSection(ProjectConfigurationPlatforms) = postSolution
		{CDDDBEA8-F7FF-457F-950E-71BD57D0F2B9}.Debug|Any CPU.ActiveCfg = Debug|Any CPU
		{CDDDBEA8-F7FF-457F-950E-71BD57D0F2B9}.Debug|Any CPU.Build.0 = Debug|Any CPU
		{CDDDBEA8-F7FF-457F-950E-71BD57D0F2B9}.Release|Any CPU.ActiveCfg = Release|Any CPU
		{CDDDBEA8-F7FF-457F-950E-71BD57D0F2B9}.Release|Any CPU.Build.0 = Release|Any CPU
		{141DDF53-B04B-4E07-A444-39997511B43D}.Debug|Any CPU.ActiveCfg = Debug|Any CPU
		{141DDF53-B04B-4E07-A444-39997511B43D}.Debug|Any CPU.Build.0 = Debug|Any CPU
		{141DDF53-B04B-4E07-A444-39997511B43D}.Release|Any CPU.ActiveCfg = Release|Any CPU
		{141DDF53-B04B-4E07-A444-39997511B43D}.Release|Any CPU.Build.0 = Release|Any CPU
	EndGlobalSection
	GlobalSection(SolutionProperties) = preSolution
		HideSolutionNode = FALSE
	EndGlobalSection
	GlobalSection(ExtensibilityGlobals) = postSolution
		SolutionGuid = {2C72E0AE-DB27-473B-9CF7-5AAA3C3971A0}
	EndGlobalSection
EndGlobal
